
Microsoft Visual Studio Solution File, Format Version 12.00
# Visual Studio 14
VisualStudioVersion = 14.0.25420.1
MinimumVisualStudioVersion = 10.0.40219.1
Project("{FAE04EC0-301F-11D3-BF4B-00C04F79EFBC}") = "gridTableTest", "gridTableTest.csproj", "{FFF8115C-0F48-4E36-949E-AA6194220EB7}"
EndProject
Project("{FAE04EC0-301F-11D3-BF4B-00C04F79EFBC}") = "gridTableTest.Web", "..\gridTableTest.Web\gridTableTest.Web.csproj", "{28385027-47BB-43A9-9F78-D0CEFCADC8E5}"
EndProject
Global
	GlobalSection(SolutionConfigurationPlatforms) = preSolution
		Debug|Any CPU = Debug|Any CPU
		Release|Any CPU = Release|Any CPU
	EndGlobalSection
	GlobalSection(ProjectConfigurationPlatforms) = postSolution
		{FFF8115C-0F48-4E36-949E-AA6194220EB7}.Debug|Any CPU.ActiveCfg = Debug|Any CPU
		{FFF8115C-0F48-4E36-949E-AA6194220EB7}.Debug|Any CPU.Build.0 = Debug|Any CPU
		{FFF8115C-0F48-4E36-949E-AA6194220EB7}.Release|Any CPU.ActiveCfg = Release|Any CPU
		{FFF8115C-0F48-4E36-949E-AA6194220EB7}.Release|Any CPU.Build.0 = Release|Any CPU
		{28385027-47BB-43A9-9F78-D0CEFCADC8E5}.Debug|Any CPU.ActiveCfg = Debug|Any CPU
		{28385027-47BB-43A9-9F78-D0CEFCADC8E5}.Debug|Any CPU.Build.0 = Debug|Any CPU
		{28385027-47BB-43A9-9F78-D0CEFCADC8E5}.Release|Any CPU.ActiveCfg = Release|Any CPU
		{28385027-47BB-43A9-9F78-D0CEFCADC8E5}.Release|Any CPU.Build.0 = Release|Any CPU
	EndGlobalSection
	GlobalSection(SolutionProperties) = preSolution
		HideSolutionNode = FALSE
	EndGlobalSection
EndGlobal
